// !$*UTF8*$!
{
	archiveVersion = 1;
	classes = {
	};
	objectVersion = 56;
	objects = {

/* Begin PBXBuildFile section */
		C32B546B291247DF005A0D5C /* AppDelegate.swift in Sources */ = {isa = PBXBuildFile; fileRef = C32B546A291247DF005A0D5C /* AppDelegate.swift */; };
		C32B546D291247DF005A0D5C /* SceneDelegate.swift in Sources */ = {isa = PBXBuildFile; fileRef = C32B546C291247DF005A0D5C /* SceneDelegate.swift */; };
		C32B5472291247DF005A0D5C /* Main.storyboard in Resources */ = {isa = PBXBuildFile; fileRef = C32B5470291247DF005A0D5C /* Main.storyboard */; };
		C32B5474291247E1005A0D5C /* Assets.xcassets in Resources */ = {isa = PBXBuildFile; fileRef = C32B5473291247E1005A0D5C /* Assets.xcassets */; };
		C32B5477291247E1005A0D5C /* LaunchScreen.storyboard in Resources */ = {isa = PBXBuildFile; fileRef = C32B5475291247E1005A0D5C /* LaunchScreen.storyboard */; };
		C32B547F29124D59005A0D5C /* ListViewController.swift in Sources */ = {isa = PBXBuildFile; fileRef = C32B547E29124D59005A0D5C /* ListViewController.swift */; };
		C32B548229124D82005A0D5C /* SnapKit in Frameworks */ = {isa = PBXBuildFile; productRef = C32B548129124D82005A0D5C /* SnapKit */; };
		C32B548529124D90005A0D5C /* SwiftyColor in Frameworks */ = {isa = PBXBuildFile; productRef = C32B548429124D90005A0D5C /* SwiftyColor */; };
		C32B548829124DD8005A0D5C /* Then in Frameworks */ = {isa = PBXBuildFile; productRef = C32B548729124DD8005A0D5C /* Then */; };
		C32B549129124FE1005A0D5C /* FriendModel.swift in Sources */ = {isa = PBXBuildFile; fileRef = C32B549029124FE1005A0D5C /* FriendModel.swift */; };
		C32B5493291253A4005A0D5C /* FriendTableViewCell.swift in Sources */ = {isa = PBXBuildFile; fileRef = C32B5492291253A4005A0D5C /* FriendTableViewCell.swift */; };
		C3579DCB2912D6900098BB47 /* KakaoTabbarController.swift in Sources */ = {isa = PBXBuildFile; fileRef = C3579DCA2912D6900098BB47 /* KakaoTabbarController.swift */; };
		C3579DCD2912D6EC0098BB47 /* PhotoGridViewController.swift in Sources */ = {isa = PBXBuildFile; fileRef = C3579DCC2912D6EC0098BB47 /* PhotoGridViewController.swift */; };
		C3579DCF2912D6FD0098BB47 /* SharpViewController.swift in Sources */ = {isa = PBXBuildFile; fileRef = C3579DCE2912D6FD0098BB47 /* SharpViewController.swift */; };
		C3579DD12912D7030098BB47 /* ShopViewController.swift in Sources */ = {isa = PBXBuildFile; fileRef = C3579DD02912D7030098BB47 /* ShopViewController.swift */; };
		C3579DD32912D7080098BB47 /* MoreViewController.swift in Sources */ = {isa = PBXBuildFile; fileRef = C3579DD22912D7080098BB47 /* MoreViewController.swift */; };
		C3579DD6291380410098BB47 /* PlusGridViewController.swift in Sources */ = {isa = PBXBuildFile; fileRef = C3579DD5291380410098BB47 /* PlusGridViewController.swift */; };
		C3579DD82913886A0098BB47 /* PhotoCollectionViewCell.swift in Sources */ = {isa = PBXBuildFile; fileRef = C3579DD72913886A0098BB47 /* PhotoCollectionViewCell.swift */; };
		C3579DDA29138DFC0098BB47 /* PhotoModel.swift in Sources */ = {isa = PBXBuildFile; fileRef = C3579DD929138DFC0098BB47 /* PhotoModel.swift */; };
/* End PBXBuildFile section */

/* Begin PBXFileReference section */
		C32B5467291247DF005A0D5C /* IN_SOPT_Third_Assignment.app */ = {isa = PBXFileReference; explicitFileType = wrapper.application; includeInIndex = 0; path = IN_SOPT_Third_Assignment.app; sourceTree = BUILT_PRODUCTS_DIR; };
		C32B546A291247DF005A0D5C /* AppDelegate.swift */ = {isa = PBXFileReference; lastKnownFileType = sourcecode.swift; path = AppDelegate.swift; sourceTree = "<group>"; };
		C32B546C291247DF005A0D5C /* SceneDelegate.swift */ = {isa = PBXFileReference; lastKnownFileType = sourcecode.swift; path = SceneDelegate.swift; sourceTree = "<group>"; };
		C32B5471291247DF005A0D5C /* Base */ = {isa = PBXFileReference; lastKnownFileType = file.storyboard; name = Base; path = Base.lproj/Main.storyboard; sourceTree = "<group>"; };
		C32B5473291247E1005A0D5C /* Assets.xcassets */ = {isa = PBXFileReference; lastKnownFileType = folder.assetcatalog; path = Assets.xcassets; sourceTree = "<group>"; };
		C32B5476291247E1005A0D5C /* Base */ = {isa = PBXFileReference; lastKnownFileType = file.storyboard; name = Base; path = Base.lproj/LaunchScreen.storyboard; sourceTree = "<group>"; };
		C32B5478291247E1005A0D5C /* Info.plist */ = {isa = PBXFileReference; lastKnownFileType = text.plist.xml; path = Info.plist; sourceTree = "<group>"; };
		C32B547E29124D59005A0D5C /* ListViewController.swift */ = {isa = PBXFileReference; lastKnownFileType = sourcecode.swift; path = ListViewController.swift; sourceTree = "<group>"; };
		C32B549029124FE1005A0D5C /* FriendModel.swift */ = {isa = PBXFileReference; lastKnownFileType = sourcecode.swift; path = FriendModel.swift; sourceTree = "<group>"; };
		C32B5492291253A4005A0D5C /* FriendTableViewCell.swift */ = {isa = PBXFileReference; lastKnownFileType = sourcecode.swift; path = FriendTableViewCell.swift; sourceTree = "<group>"; };
		C3579DCA2912D6900098BB47 /* KakaoTabbarController.swift */ = {isa = PBXFileReference; lastKnownFileType = sourcecode.swift; path = KakaoTabbarController.swift; sourceTree = "<group>"; };
		C3579DCC2912D6EC0098BB47 /* PhotoGridViewController.swift */ = {isa = PBXFileReference; lastKnownFileType = sourcecode.swift; path = PhotoGridViewController.swift; sourceTree = "<group>"; };
		C3579DCE2912D6FD0098BB47 /* SharpViewController.swift */ = {isa = PBXFileReference; lastKnownFileType = sourcecode.swift; path = SharpViewController.swift; sourceTree = "<group>"; };
		C3579DD02912D7030098BB47 /* ShopViewController.swift */ = {isa = PBXFileReference; lastKnownFileType = sourcecode.swift; path = ShopViewController.swift; sourceTree = "<group>"; };
		C3579DD22912D7080098BB47 /* MoreViewController.swift */ = {isa = PBXFileReference; lastKnownFileType = sourcecode.swift; path = MoreViewController.swift; sourceTree = "<group>"; };
		C3579DD5291380410098BB47 /* PlusGridViewController.swift */ = {isa = PBXFileReference; lastKnownFileType = sourcecode.swift; path = PlusGridViewController.swift; sourceTree = "<group>"; };
		C3579DD72913886A0098BB47 /* PhotoCollectionViewCell.swift */ = {isa = PBXFileReference; lastKnownFileType = sourcecode.swift; path = PhotoCollectionViewCell.swift; sourceTree = "<group>"; };
		C3579DD929138DFC0098BB47 /* PhotoModel.swift */ = {isa = PBXFileReference; lastKnownFileType = sourcecode.swift; path = PhotoModel.swift; sourceTree = "<group>"; };
/* End PBXFileReference section */

/* Begin PBXFrameworksBuildPhase section */
		C32B5464291247DF005A0D5C /* Frameworks */ = {
			isa = PBXFrameworksBuildPhase;
			buildActionMask = 2147483647;
			files = (
				C32B548529124D90005A0D5C /* SwiftyColor in Frameworks */,
				C32B548829124DD8005A0D5C /* Then in Frameworks */,
				C32B548229124D82005A0D5C /* SnapKit in Frameworks */,
			);
			runOnlyForDeploymentPostprocessing = 0;
		};
/* End PBXFrameworksBuildPhase section */

/* Begin PBXGroup section */
		C32B545E291247DF005A0D5C = {
			isa = PBXGroup;
			children = (
				C32B5469291247DF005A0D5C /* IN_SOPT_Third_Assignment */,
				C32B5468291247DF005A0D5C /* Products */,
			);
			sourceTree = "<group>";
		};
		C32B5468291247DF005A0D5C /* Products */ = {
			isa = PBXGroup;
			children = (
				C32B5467291247DF005A0D5C /* IN_SOPT_Third_Assignment.app */,
			);
			name = Products;
			sourceTree = "<group>";
		};
		C32B5469291247DF005A0D5C /* IN_SOPT_Third_Assignment */ = {
			isa = PBXGroup;
			children = (
				C32B546A291247DF005A0D5C /* AppDelegate.swift */,
				C32B546C291247DF005A0D5C /* SceneDelegate.swift */,
				C3579DDC29139BB20098BB47 /* tabbar */,
				C3579DD42912D7180098BB47 /* vc */,
				C3579DDB29139B970098BB47 /* model */,
				C3579DDD29139BC20098BB47 /* cell */,
				C32B5470291247DF005A0D5C /* Main.storyboard */,
				C32B5473291247E1005A0D5C /* Assets.xcassets */,
				C32B5475291247E1005A0D5C /* LaunchScreen.storyboard */,
				C32B5478291247E1005A0D5C /* Info.plist */,
			);
			path = IN_SOPT_Third_Assignment;
			sourceTree = "<group>";
		};
		C3579DD42912D7180098BB47 /* vc */ = {
			isa = PBXGroup;
			children = (
				C32B547E29124D59005A0D5C /* ListViewController.swift */,
				C3579DCC2912D6EC0098BB47 /* PhotoGridViewController.swift */,
				C3579DD5291380410098BB47 /* PlusGridViewController.swift */,
				C3579DCE2912D6FD0098BB47 /* SharpViewController.swift */,
				C3579DD02912D7030098BB47 /* ShopViewController.swift */,
				C3579DD22912D7080098BB47 /* MoreViewController.swift */,
			);
			path = vc;
			sourceTree = "<group>";
		};
		C3579DDB29139B970098BB47 /* model */ = {
			isa = PBXGroup;
			children = (
				C32B549029124FE1005A0D5C /* FriendModel.swift */,
				C3579DD929138DFC0098BB47 /* PhotoModel.swift */,
			);
			path = model;
			sourceTree = "<group>";
		};
		C3579DDC29139BB20098BB47 /* tabbar */ = {
			isa = PBXGroup;
			children = (
				C3579DCA2912D6900098BB47 /* KakaoTabbarController.swift */,
			);
			path = tabbar;
			sourceTree = "<group>";
		};
		C3579DDD29139BC20098BB47 /* cell */ = {
			isa = PBXGroup;
			children = (
				C32B5492291253A4005A0D5C /* FriendTableViewCell.swift */,
				C3579DD72913886A0098BB47 /* PhotoCollectionViewCell.swift */,
			);
			path = cell;
			sourceTree = "<group>";
		};
/* End PBXGroup section */

/* Begin PBXNativeTarget section */
		C32B5466291247DF005A0D5C /* IN_SOPT_Third_Assignment */ = {
			isa = PBXNativeTarget;
			buildConfigurationList = C32B547B291247E1005A0D5C /* Build configuration list for PBXNativeTarget "IN_SOPT_Third_Assignment" */;
			buildPhases = (
				C32B5463291247DF005A0D5C /* Sources */,
				C32B5464291247DF005A0D5C /* Frameworks */,
				C32B5465291247DF005A0D5C /* Resources */,
			);
			buildRules = (
			);
			dependencies = (
			);
			name = IN_SOPT_Third_Assignment;
			packageProductDependencies = (
				C32B548129124D82005A0D5C /* SnapKit */,
				C32B548429124D90005A0D5C /* SwiftyColor */,
				C32B548729124DD8005A0D5C /* Then */,
			);
			productName = IN_SOPT_Third_Assignment;
			productReference = C32B5467291247DF005A0D5C /* IN_SOPT_Third_Assignment.app */;
			productType = "com.apple.product-type.application";
		};
/* End PBXNativeTarget section */

/* Begin PBXProject section */
		C32B545F291247DF005A0D5C /* Project object */ = {
			isa = PBXProject;
			attributes = {
				BuildIndependentTargetsInParallel = 1;
				LastSwiftUpdateCheck = 1400;
				LastUpgradeCheck = 1400;
				TargetAttributes = {
					C32B5466291247DF005A0D5C = {
						CreatedOnToolsVersion = 14.0.1;
					};
				};
			};
			buildConfigurationList = C32B5462291247DF005A0D5C /* Build configuration list for PBXProject "IN_SOPT_Third_Assignment" */;
			compatibilityVersion = "Xcode 14.0";
			developmentRegion = en;
			hasScannedForEncodings = 0;
			knownRegions = (
				en,
				Base,
			);
			mainGroup = C32B545E291247DF005A0D5C;
			packageReferences = (
				C32B548029124D82005A0D5C /* XCRemoteSwiftPackageReference "SnapKit" */,
				C32B548329124D90005A0D5C /* XCRemoteSwiftPackageReference "SwiftyColor" */,
				C32B548629124DD8005A0D5C /* XCRemoteSwiftPackageReference "Then" */,
			);
			productRefGroup = C32B5468291247DF005A0D5C /* Products */;
			projectDirPath = "";
			projectRoot = "";
			targets = (
				C32B5466291247DF005A0D5C /* IN_SOPT_Third_Assignment */,
			);
		};
/* End PBXProject section */

/* Begin PBXResourcesBuildPhase section */
		C32B5465291247DF005A0D5C /* Resources */ = {
			isa = PBXResourcesBuildPhase;
			buildActionMask = 2147483647;
			files = (
				C32B5477291247E1005A0D5C /* LaunchScreen.storyboard in Resources */,
				C32B5474291247E1005A0D5C /* Assets.xcassets in Resources */,
				C32B5472291247DF005A0D5C /* Main.storyboard in Resources */,
			);
			runOnlyForDeploymentPostprocessing = 0;
		};
/* End PBXResourcesBuildPhase section */

/* Begin PBXSourcesBuildPhase section */
		C32B5463291247DF005A0D5C /* Sources */ = {
			isa = PBXSourcesBuildPhase;
			buildActionMask = 2147483647;
			files = (
				C32B546B291247DF005A0D5C /* AppDelegate.swift in Sources */,
				C3579DCF2912D6FD0098BB47 /* SharpViewController.swift in Sources */,
				C3579DD12912D7030098BB47 /* ShopViewController.swift in Sources */,
				C3579DCB2912D6900098BB47 /* KakaoTabbarController.swift in Sources */,
				C32B549129124FE1005A0D5C /* FriendModel.swift in Sources */,
				C3579DD82913886A0098BB47 /* PhotoCollectionViewCell.swift in Sources */,
				C3579DD32912D7080098BB47 /* MoreViewController.swift in Sources */,
				C32B5493291253A4005A0D5C /* FriendTableViewCell.swift in Sources */,
				C32B547F29124D59005A0D5C /* ListViewController.swift in Sources */,
				C3579DD6291380410098BB47 /* PlusGridViewController.swift in Sources */,
				C3579DCD2912D6EC0098BB47 /* PhotoGridViewController.swift in Sources */,
				C3579DDA29138DFC0098BB47 /* PhotoModel.swift in Sources */,
				C32B546D291247DF005A0D5C /* SceneDelegate.swift in Sources */,
			);
			runOnlyForDeploymentPostprocessing = 0;
		};
/* End PBXSourcesBuildPhase section */

/* Begin PBXVariantGroup section */
		C32B5470291247DF005A0D5C /* Main.storyboard */ = {
			isa = PBXVariantGroup;
			children = (
				C32B5471291247DF005A0D5C /* Base */,
			);
			name = Main.storyboard;
			sourceTree = "<group>";
		};
		C32B5475291247E1005A0D5C /* LaunchScreen.storyboard */ = {
			isa = PBXVariantGroup;
			children = (
				C32B5476291247E1005A0D5C /* Base */,
			);
			name = LaunchScreen.storyboard;
			sourceTree = "<group>";
		};
/* End PBXVariantGroup section */

/* Begin XCBuildConfiguration section */
		C32B5479291247E1005A0D5C /* Debug */ = {
			isa = XCBuildConfiguration;
			buildSettings = {
				ALWAYS_SEARCH_USER_PATHS = NO;
				CLANG_ANALYZER_NONNULL = YES;
				CLANG_ANALYZER_NUMBER_OBJECT_CONVERSION = YES_AGGRESSIVE;
				CLANG_CXX_LANGUAGE_STANDARD = "gnu++20";
				CLANG_ENABLE_MODULES = YES;
				CLANG_ENABLE_OBJC_ARC = YES;
				CLANG_ENABLE_OBJC_WEAK = YES;
				CLANG_WARN_BLOCK_CAPTURE_AUTORELEASING = YES;
				CLANG_WARN_BOOL_CONVERSION = YES;
				CLANG_WARN_COMMA = YES;
				CLANG_WARN_CONSTANT_CONVERSION = YES;
				CLANG_WARN_DEPRECATED_OBJC_IMPLEMENTATIONS = YES;
				CLANG_WARN_DIRECT_OBJC_ISA_USAGE = YES_ERROR;
				CLANG_WARN_DOCUMENTATION_COMMENTS = YES;
				CLANG_WARN_EMPTY_BODY = YES;
				CLANG_WARN_ENUM_CONVERSION = YES;
				CLANG_WARN_INFINITE_RECURSION = YES;
				CLANG_WARN_INT_CONVERSION = YES;
				CLANG_WARN_NON_LITERAL_NULL_CONVERSION = YES;
				CLANG_WARN_OBJC_IMPLICIT_RETAIN_SELF = YES;
				CLANG_WARN_OBJC_LITERAL_CONVERSION = YES;
				CLANG_WARN_OBJC_ROOT_CLASS = YES_ERROR;
				CLANG_WARN_QUOTED_INCLUDE_IN_FRAMEWORK_HEADER = YES;
				CLANG_WARN_RANGE_LOOP_ANALYSIS = YES;
				CLANG_WARN_STRICT_PROTOTYPES = YES;
				CLANG_WARN_SUSPICIOUS_MOVE = YES;
				CLANG_WARN_UNGUARDED_AVAILABILITY = YES_AGGRESSIVE;
				CLANG_WARN_UNREACHABLE_CODE = YES;
				CLANG_WARN__DUPLICATE_METHOD_MATCH = YES;
				COPY_PHASE_STRIP = NO;
				DEBUG_INFORMATION_FORMAT = dwarf;
				ENABLE_STRICT_OBJC_MSGSEND = YES;
				ENABLE_TESTABILITY = YES;
				GCC_C_LANGUAGE_STANDARD = gnu11;
				GCC_DYNAMIC_NO_PIC = NO;
				GCC_NO_COMMON_BLOCKS = YES;
				GCC_OPTIMIZATION_LEVEL = 0;
				GCC_PREPROCESSOR_DEFINITIONS = (
					"DEBUG=1",
					"$(inherited)",
				);
				GCC_WARN_64_TO_32_BIT_CONVERSION = YES;
				GCC_WARN_ABOUT_RETURN_TYPE = YES_ERROR;
				GCC_WARN_UNDECLARED_SELECTOR = YES;
				GCC_WARN_UNINITIALIZED_AUTOS = YES_AGGRESSIVE;
				GCC_WARN_UNUSED_FUNCTION = YES;
				GCC_WARN_UNUSED_VARIABLE = YES;
				IPHONEOS_DEPLOYMENT_TARGET = 16.0;
				MTL_ENABLE_DEBUG_INFO = INCLUDE_SOURCE;
				MTL_FAST_MATH = YES;
				ONLY_ACTIVE_ARCH = YES;
				SDKROOT = iphoneos;
				SWIFT_ACTIVE_COMPILATION_CONDITIONS = DEBUG;
				SWIFT_OPTIMIZATION_LEVEL = "-Onone";
			};
			name = Debug;
		};
		C32B547A291247E1005A0D5C /* Release */ = {
			isa = XCBuildConfiguration;
			buildSettings = {
				ALWAYS_SEARCH_USER_PATHS = NO;
				CLANG_ANALYZER_NONNULL = YES;
				CLANG_ANALYZER_NUMBER_OBJECT_CONVERSION = YES_AGGRESSIVE;
				CLANG_CXX_LANGUAGE_STANDARD = "gnu++20";
				CLANG_ENABLE_MODULES = YES;
				CLANG_ENABLE_OBJC_ARC = YES;
				CLANG_ENABLE_OBJC_WEAK = YES;
				CLANG_WARN_BLOCK_CAPTURE_AUTORELEASING = YES;
				CLANG_WARN_BOOL_CONVERSION = YES;
				CLANG_WARN_COMMA = YES;
				CLANG_WARN_CONSTANT_CONVERSION = YES;
				CLANG_WARN_DEPRECATED_OBJC_IMPLEMENTATIONS = YES;
				CLANG_WARN_DIRECT_OBJC_ISA_USAGE = YES_ERROR;
				CLANG_WARN_DOCUMENTATION_COMMENTS = YES;
				CLANG_WARN_EMPTY_BODY = YES;
				CLANG_WARN_ENUM_CONVERSION = YES;
				CLANG_WARN_INFINITE_RECURSION = YES;
				CLANG_WARN_INT_CONVERSION = YES;
				CLANG_WARN_NON_LITERAL_NULL_CONVERSION = YES;
				CLANG_WARN_OBJC_IMPLICIT_RETAIN_SELF = YES;
				CLANG_WARN_OBJC_LITERAL_CONVERSION = YES;
				CLANG_WARN_OBJC_ROOT_CLASS = YES_ERROR;
				CLANG_WARN_QUOTED_INCLUDE_IN_FRAMEWORK_HEADER = YES;
				CLANG_WARN_RANGE_LOOP_ANALYSIS = YES;
				CLANG_WARN_STRICT_PROTOTYPES = YES;
				CLANG_WARN_SUSPICIOUS_MOVE = YES;
				CLANG_WARN_UNGUARDED_AVAILABILITY = YES_AGGRESSIVE;
				CLANG_WARN_UNREACHABLE_CODE = YES;
				CLANG_WARN__DUPLICATE_METHOD_MATCH = YES;
				COPY_PHASE_STRIP = NO;
				DEBUG_INFORMATION_FORMAT = "dwarf-with-dsym";
				ENABLE_NS_ASSERTIONS = NO;
				ENABLE_STRICT_OBJC_MSGSEND = YES;
				GCC_C_LANGUAGE_STANDARD = gnu11;
				GCC_NO_COMMON_BLOCKS = YES;
				GCC_WARN_64_TO_32_BIT_CONVERSION = YES;
				GCC_WARN_ABOUT_RETURN_TYPE = YES_ERROR;
				GCC_WARN_UNDECLARED_SELECTOR = YES;
				GCC_WARN_UNINITIALIZED_AUTOS = YES_AGGRESSIVE;
				GCC_WARN_UNUSED_FUNCTION = YES;
				GCC_WARN_UNUSED_VARIABLE = YES;
				IPHONEOS_DEPLOYMENT_TARGET = 16.0;
				MTL_ENABLE_DEBUG_INFO = NO;
				MTL_FAST_MATH = YES;
				SDKROOT = iphoneos;
				SWIFT_COMPILATION_MODE = wholemodule;
				SWIFT_OPTIMIZATION_LEVEL = "-O";
				VALIDATE_PRODUCT = YES;
			};
			name = Release;
		};
		C32B547C291247E1005A0D5C /* Debug */ = {
			isa = XCBuildConfiguration;
			buildSettings = {
				ASSETCATALOG_COMPILER_APPICON_NAME = AppIcon;
				ASSETCATALOG_COMPILER_GLOBAL_ACCENT_COLOR_NAME = AccentColor;
				CODE_SIGN_STYLE = Automatic;
				CURRENT_PROJECT_VERSION = 1;
				DEVELOPMENT_TEAM = Q827V73L8U;
				GENERATE_INFOPLIST_FILE = YES;
				INFOPLIST_FILE = IN_SOPT_Third_Assignment/Info.plist;
				INFOPLIST_KEY_UIApplicationSupportsIndirectInputEvents = YES;
				INFOPLIST_KEY_UILaunchStoryboardName = LaunchScreen;
				INFOPLIST_KEY_UIMainStoryboardFile = Main;
				INFOPLIST_KEY_UISupportedInterfaceOrientations_iPad = "UIInterfaceOrientationPortrait UIInterfaceOrientationPortraitUpsideDown UIInterfaceOrientationLandscapeLeft UIInterfaceOrientationLandscapeRight";
				INFOPLIST_KEY_UISupportedInterfaceOrientations_iPhone = "UIInterfaceOrientationPortrait UIInterfaceOrientationLandscapeLeft UIInterfaceOrientationLandscapeRight";
				LD_RUNPATH_SEARCH_PATHS = (
					"$(inherited)",
					"@executable_path/Frameworks",
				);
				MARKETING_VERSION = 1.0;
				PRODUCT_BUNDLE_IDENTIFIER = "chaen.IN-SOPT-Third-Assignment";
				PRODUCT_NAME = "$(TARGET_NAME)";
				SWIFT_EMIT_LOC_STRINGS = YES;
				SWIFT_VERSION = 5.0;
				TARGETED_DEVICE_FAMILY = "1,2";
			};
			name = Debug;
		};
		C32B547D291247E1005A0D5C /* Release */ = {
			isa = XCBuildConfiguration;
			buildSettings = {
				ASSETCATALOG_COMPILER_APPICON_NAME = AppIcon;
				ASSETCATALOG_COMPILER_GLOBAL_ACCENT_COLOR_NAME = AccentColor;
				CODE_SIGN_STYLE = Automatic;
				CURRENT_PROJECT_VERSION = 1;
				DEVELOPMENT_TEAM = Q827V73L8U;
				GENERATE_INFOPLIST_FILE = YES;
				INFOPLIST_FILE = IN_SOPT_Third_Assignment/Info.plist;
				INFOPLIST_KEY_UIApplicationSupportsIndirectInputEvents = YES;
				INFOPLIST_KEY_UILaunchStoryboardName = LaunchScreen;
				INFOPLIST_KEY_UIMainStoryboardFile = Main;
				INFOPLIST_KEY_UISupportedInterfaceOrientations_iPad = "UIInterfaceOrientationPortrait UIInterfaceOrientationPortraitUpsideDown UIInterfaceOrientationLandscapeLeft UIInterfaceOrientationLandscapeRight";
				INFOPLIST_KEY_UISupportedInterfaceOrientations_iPhone = "UIInterfaceOrientationPortrait UIInterfaceOrientationLandscapeLeft UIInterfaceOrientationLandscapeRight";
				LD_RUNPATH_SEARCH_PATHS = (
					"$(inherited)",
					"@executable_path/Frameworks",
				);
				MARKETING_VERSION = 1.0;
				PRODUCT_BUNDLE_IDENTIFIER = "chaen.IN-SOPT-Third-Assignment";
				PRODUCT_NAME = "$(TARGET_NAME)";
				SWIFT_EMIT_LOC_STRINGS = YES;
				SWIFT_VERSION = 5.0;
				TARGETED_DEVICE_FAMILY = "1,2";
			};
			name = Release;
		};
/* End XCBuildConfiguration section */

/* Begin XCConfigurationList section */
		C32B5462291247DF005A0D5C /* Build configuration list for PBXProject "IN_SOPT_Third_Assignment" */ = {
			isa = XCConfigurationList;
			buildConfigurations = (
				C32B5479291247E1005A0D5C /* Debug */,
				C32B547A291247E1005A0D5C /* Release */,
			);
			defaultConfigurationIsVisible = 0;
			defaultConfigurationName = Release;
		};
		C32B547B291247E1005A0D5C /* Build configuration list for PBXNativeTarget "IN_SOPT_Third_Assignment" */ = {
			isa = XCConfigurationList;
			buildConfigurations = (
				C32B547C291247E1005A0D5C /* Debug */,
				C32B547D291247E1005A0D5C /* Release */,
			);
			defaultConfigurationIsVisible = 0;
			defaultConfigurationName = Release;
		};
/* End XCConfigurationList section */

/* Begin XCRemoteSwiftPackageReference section */
		C32B548029124D82005A0D5C /* XCRemoteSwiftPackageReference "SnapKit" */ = {
			isa = XCRemoteSwiftPackageReference;
			repositoryURL = "https://github.com/SnapKit/SnapKit";
			requirement = {
				kind = upToNextMajorVersion;
				minimumVersion = 5.0.0;
			};
		};
		C32B548329124D90005A0D5C /* XCRemoteSwiftPackageReference "SwiftyColor" */ = {
			isa = XCRemoteSwiftPackageReference;
			repositoryURL = "https://github.com/devxoul/SwiftyColor";
			requirement = {
				kind = upToNextMajorVersion;
				minimumVersion = 1.0.0;
			};
		};
		C32B548629124DD8005A0D5C /* XCRemoteSwiftPackageReference "Then" */ = {
			isa = XCRemoteSwiftPackageReference;
			repositoryURL = "https://github.com/devxoul/Then";
			requirement = {
				branch = master;
				kind = branch;
			};
		};
/* End XCRemoteSwiftPackageReference section */

/* Begin XCSwiftPackageProductDependency section */
		C32B548129124D82005A0D5C /* SnapKit */ = {
			isa = XCSwiftPackageProductDependency;
			package = C32B548029124D82005A0D5C /* XCRemoteSwiftPackageReference "SnapKit" */;
			productName = SnapKit;
		};
		C32B548429124D90005A0D5C /* SwiftyColor */ = {
			isa = XCSwiftPackageProductDependency;
			package = C32B548329124D90005A0D5C /* XCRemoteSwiftPackageReference "SwiftyColor" */;
			productName = SwiftyColor;
		};
		C32B548729124DD8005A0D5C /* Then */ = {
			isa = XCSwiftPackageProductDependency;
			package = C32B548629124DD8005A0D5C /* XCRemoteSwiftPackageReference "Then" */;
			productName = Then;
		};
/* End XCSwiftPackageProductDependency section */
	};
	rootObject = C32B545F291247DF005A0D5C /* Project object */;
}
